
Microsoft Visual Studio Solution File, Format Version 12.00
# Visual Studio Version 17
VisualStudioVersion = 17.9.34701.34
MinimumVisualStudioVersion = 10.0.40219.1
Project("{FAE04EC0-301F-11D3-BF4B-00C04F79EFBC}") = "GrundlagenKonstanten", "GrundlagenKonstanten\GrundlagenKonstanten.csproj", "{F8F45985-44BC-4F71-BDA7-D19FE39F7B0F}"
EndProject
Global
	GlobalSection(SolutionConfigurationPlatforms) = preSolution
		Debug|Any CPU = Debug|Any CPU
		Release|Any CPU = Release|Any CPU
	EndGlobalSection
	GlobalSection(ProjectConfigurationPlatforms) = postSolution
		{F8F45985-44BC-4F71-BDA7-D19FE39F7B0F}.Debug|Any CPU.ActiveCfg = Debug|Any CPU
		{F8F45985-44BC-4F71-BDA7-D19FE39F7B0F}.Debug|Any CPU.Build.0 = Debug|Any CPU
		{F8F45985-44BC-4F71-BDA7-D19FE39F7B0F}.Release|Any CPU.ActiveCfg = Release|Any CPU
		{F8F45985-44BC-4F71-BDA7-D19FE39F7B0F}.Release|Any CPU.Build.0 = Release|Any CPU
	EndGlobalSection
	GlobalSection(SolutionProperties) = preSolution
		HideSolutionNode = FALSE
	EndGlobalSection
	GlobalSection(ExtensibilityGlobals) = postSolution
		SolutionGuid = {A3039EFA-696F-4E3E-BE77-D22A46B413E4}
	EndGlobalSection
EndGlobal
